
Microsoft Visual Studio Solution File, Format Version 12.00
# Visual Studio Version 16
VisualStudioVersion = 16.0.30611.23
MinimumVisualStudioVersion = 10.0.40219.1
Project("{FAE04EC0-301F-11D3-BF4B-00C04F79EFBC}") = "OOP11A2020", "OOP11A2020\OOP11A2020.csproj", "{FC355869-FB77-44B4-9EA5-1CFC401CC7A7}"
EndProject
Global
	GlobalSection(SolutionConfigurationPlatforms) = preSolution
		Debug|Any CPU = Debug|Any CPU
		Release|Any CPU = Release|Any CPU
	EndGlobalSection
	GlobalSection(ProjectConfigurationPlatforms) = postSolution
		{FC355869-FB77-44B4-9EA5-1CFC401CC7A7}.Debug|Any CPU.ActiveCfg = Debug|Any CPU
		{FC355869-FB77-44B4-9EA5-1CFC401CC7A7}.Debug|Any CPU.Build.0 = Debug|Any CPU
		{FC355869-FB77-44B4-9EA5-1CFC401CC7A7}.Release|Any CPU.ActiveCfg = Release|Any CPU
		{FC355869-FB77-44B4-9EA5-1CFC401CC7A7}.Release|Any CPU.Build.0 = Release|Any CPU
	EndGlobalSection
	GlobalSection(SolutionProperties) = preSolution
		HideSolutionNode = FALSE
	EndGlobalSection
	GlobalSection(ExtensibilityGlobals) = postSolution
		SolutionGuid = {33AE3426-3E00-43A5-80DF-151450A388C0}
	EndGlobalSection
EndGlobal
